
Microsoft Visual Studio Solution File, Format Version 12.00
# Visual Studio Version 17
VisualStudioVersion = 17.6.33829.357
MinimumVisualStudioVersion = 10.0.40219.1
Project("{FAE04EC0-301F-11D3-BF4B-00C04F79EFBC}") = "Cellular Automata", "Cellular Automata\Cellular Automata.csproj", "{A851B531-541E-4C62-90A8-9CA79C47D276}"
EndProject
Global
	GlobalSection(SolutionConfigurationPlatforms) = preSolution
		Debug|Any CPU = Debug|Any CPU
		Release|Any CPU = Release|Any CPU
	EndGlobalSection
	GlobalSection(ProjectConfigurationPlatforms) = postSolution
		{A851B531-541E-4C62-90A8-9CA79C47D276}.Debug|Any CPU.ActiveCfg = Debug|Any CPU
		{A851B531-541E-4C62-90A8-9CA79C47D276}.Debug|Any CPU.Build.0 = Debug|Any CPU
		{A851B531-541E-4C62-90A8-9CA79C47D276}.Release|Any CPU.ActiveCfg = Release|Any CPU
		{A851B531-541E-4C62-90A8-9CA79C47D276}.Release|Any CPU.Build.0 = Release|Any CPU
	EndGlobalSection
	GlobalSection(SolutionProperties) = preSolution
		HideSolutionNode = FALSE
	EndGlobalSection
	GlobalSection(ExtensibilityGlobals) = postSolution
		SolutionGuid = {931CD4EE-A328-4F85-B974-AD2C5FD08A89}
	EndGlobalSection
EndGlobal
